
Microsoft Visual Studio Solution File, Format Version 12.00
# Visual Studio Version 17
VisualStudioVersion = 17.12.35323.107
MinimumVisualStudioVersion = 10.0.40219.1
Project("{FAE04EC0-301F-11D3-BF4B-00C04F79EFBC}") = "LibraryAPI", "LibraryAPI.csproj", "{BBEE84D9-3C06-47B4-80C9-B6FFC599AA3C}"
EndProject
Global
	GlobalSection(SolutionConfigurationPlatforms) = preSolution
		Debug|Any CPU = Debug|Any CPU
		Release|Any CPU = Release|Any CPU
	EndGlobalSection
	GlobalSection(ProjectConfigurationPlatforms) = postSolution
		{BBEE84D9-3C06-47B4-80C9-B6FFC599AA3C}.Debug|Any CPU.ActiveCfg = Debug|Any CPU
		{BBEE84D9-3C06-47B4-80C9-B6FFC599AA3C}.Debug|Any CPU.Build.0 = Debug|Any CPU
		{BBEE84D9-3C06-47B4-80C9-B6FFC599AA3C}.Release|Any CPU.ActiveCfg = Release|Any CPU
		{BBEE84D9-3C06-47B4-80C9-B6FFC599AA3C}.Release|Any CPU.Build.0 = Release|Any CPU
	EndGlobalSection
	GlobalSection(SolutionProperties) = preSolution
		HideSolutionNode = FALSE
	EndGlobalSection
	GlobalSection(ExtensibilityGlobals) = postSolution
		SolutionGuid = {E24F9C02-91C0-4CE5-8AB8-00439D37D3D6}
	EndGlobalSection
EndGlobal
